Microsoft Visual Studio Solution File, Format Version 8.00
Project("{F184B08F-C81C-45F6-A57F-5ABD9991F28F}") = "Banco Access com imagem", "Banco Access com imagem.vbproj", "{789AC75B-2468-4A7A-BE51-D2102870F773}"
	ProjectSection(ProjectDependencies) = postProject
	EndProjectSection
EndProject
Global
	GlobalSection(SolutionConfiguration) = preSolution
		Debug = Debug
		Release = Release
	EndGlobalSection
	GlobalSection(ProjectConfiguration) = postSolution
		{789AC75B-2468-4A7A-BE51-D2102870F773}.Debug.ActiveCfg = Debug|.NET
		{789AC75B-2468-4A7A-BE51-D2102870F773}.Debug.Build.0 = Debug|.NET
		{789AC75B-2468-4A7A-BE51-D2102870F773}.Release.ActiveCfg = Release|.NET
		{789AC75B-2468-4A7A-BE51-D2102870F773}.Release.Build.0 = Release|.NET
	EndGlobalSection
	GlobalSection(ExtensibilityGlobals) = postSolution
	EndGlobalSection
	GlobalSection(ExtensibilityAddIns) = postSolution
	EndGlobalSection
EndGlobal
