Microsoft Visual Studio Solution File, Format Version 8.00
Project("{F184B08F-C81C-45F6-A57F-5ABD9991F28F}") = "Impressao e visualizacao", "Impressao e visualizacao.vbproj", "{E38E25A4-95D1-4042-8B5A-49B99693D4AF}"
	ProjectSection(ProjectDependencies) = postProject
	EndProjectSection
EndProject
Global
	GlobalSection(SolutionConfiguration) = preSolution
		Debug = Debug
		Release = Release
	EndGlobalSection
	GlobalSection(ProjectConfiguration) = postSolution
		{E38E25A4-95D1-4042-8B5A-49B99693D4AF}.Debug.ActiveCfg = Debug|.NET
		{E38E25A4-95D1-4042-8B5A-49B99693D4AF}.Debug.Build.0 = Debug|.NET
		{E38E25A4-95D1-4042-8B5A-49B99693D4AF}.Release.ActiveCfg = Release|.NET
		{E38E25A4-95D1-4042-8B5A-49B99693D4AF}.Release.Build.0 = Release|.NET
	EndGlobalSection
	GlobalSection(ExtensibilityGlobals) = postSolution
	EndGlobalSection
	GlobalSection(ExtensibilityAddIns) = postSolution
	EndGlobalSection
EndGlobal
