Microsoft Visual Studio Solution File, Format Version 8.00
Project("{F184B08F-C81C-45F6-A57F-5ABD9991F28F}") = "Varias Tables num DataSet", "Varias Tables num DataSet.vbproj", "{36DEC2CC-2469-4DA8-85F3-86AE2FB091E4}"
	ProjectSection(ProjectDependencies) = postProject
	EndProjectSection
EndProject
Global
	GlobalSection(SolutionConfiguration) = preSolution
		Debug = Debug
		Release = Release
	EndGlobalSection
	GlobalSection(ProjectConfiguration) = postSolution
		{36DEC2CC-2469-4DA8-85F3-86AE2FB091E4}.Debug.ActiveCfg = Debug|.NET
		{36DEC2CC-2469-4DA8-85F3-86AE2FB091E4}.Debug.Build.0 = Debug|.NET
		{36DEC2CC-2469-4DA8-85F3-86AE2FB091E4}.Release.ActiveCfg = Release|.NET
		{36DEC2CC-2469-4DA8-85F3-86AE2FB091E4}.Release.Build.0 = Release|.NET
	EndGlobalSection
	GlobalSection(ExtensibilityGlobals) = postSolution
	EndGlobalSection
	GlobalSection(ExtensibilityAddIns) = postSolution
	EndGlobalSection
EndGlobal
